// !$*UTF8*$!
{
	archiveVersion = 1;
	classes = {
	};
	objectVersion = 46;
	objects = {

/* Begin PBXBuildFile section */
		39170B2AA99DC35D25C79E9E /* libPods-FleaRun.a in Frameworks */ = {isa = PBXBuildFile; fileRef = 063CAFF3BDB5C75FA80FCD3D /* libPods-FleaRun.a */; };
		820A30321D33B08D009E82AF /* main.m in Sources */ = {isa = PBXBuildFile; fileRef = 820A30311D33B08D009E82AF /* main.m */; };
		820A30351D33B08D009E82AF /* AppDelegate.m in Sources */ = {isa = PBXBuildFile; fileRef = 820A30341D33B08D009E82AF /* AppDelegate.m */; };
		820A303D1D33B08D009E82AF /* Assets.xcassets in Resources */ = {isa = PBXBuildFile; fileRef = 820A303C1D33B08D009E82AF /* Assets.xcassets */; };
		820A30401D33B08D009E82AF /* LaunchScreen.storyboard in Resources */ = {isa = PBXBuildFile; fileRef = 820A303E1D33B08D009E82AF /* LaunchScreen.storyboard */; };
		820A305F1D33C931009E82AF /* BaseTabBarController.m in Sources */ = {isa = PBXBuildFile; fileRef = 820A305E1D33C931009E82AF /* BaseTabBarController.m */; };
		820A30621D33C985009E82AF /* BaseNavigationController.m in Sources */ = {isa = PBXBuildFile; fileRef = 820A30611D33C985009E82AF /* BaseNavigationController.m */; };
		820A30651D33CAB6009E82AF /* BaseViewController.m in Sources */ = {isa = PBXBuildFile; fileRef = 820A30641D33CAB6009E82AF /* BaseViewController.m */; };
		820A30681D33CAEA009E82AF /* HomeViewController.m in Sources */ = {isa = PBXBuildFile; fileRef = 820A30671D33CAEA009E82AF /* HomeViewController.m */; };
		820A306B1D33CAF9009E82AF /* NearViewController.m in Sources */ = {isa = PBXBuildFile; fileRef = 820A306A1D33CAF9009E82AF /* NearViewController.m */; };
		820A306E1D33CB08009E82AF /* MessageViewController.m in Sources */ = {isa = PBXBuildFile; fileRef = 820A306D1D33CB08009E82AF /* MessageViewController.m */; };
		820A30711D33CB17009E82AF /* MeViewController.m in Sources */ = {isa = PBXBuildFile; fileRef = 820A30701D33CB17009E82AF /* MeViewController.m */; };
		820A30741D33CD0A009E82AF /* TabBar.m in Sources */ = {isa = PBXBuildFile; fileRef = 820A30731D33CD0A009E82AF /* TabBar.m */; };
		820A30791D33CF08009E82AF /* UIViewExt.m in Sources */ = {isa = PBXBuildFile; fileRef = 820A30781D33CF08009E82AF /* UIViewExt.m */; };
/* End PBXBuildFile section */

/* Begin PBXFileReference section */
		063CAFF3BDB5C75FA80FCD3D /* libPods-FleaRun.a */ = {isa = PBXFileReference; explicitFileType = archive.ar; includeInIndex = 0; path = "libPods-FleaRun.a"; sourceTree = BUILT_PRODUCTS_DIR; };
		4C858B176C73A83AD92B37C5 /* Pods-FleaRun.debug.xcconfig */ = {isa = PBXFileReference; includeInIndex = 1; lastKnownFileType = text.xcconfig; name = "Pods-FleaRun.debug.xcconfig"; path = "Pods/Target Support Files/Pods-FleaRun/Pods-FleaRun.debug.xcconfig"; sourceTree = "<group>"; };
		820A302D1D33B08D009E82AF /* FleaRun.app */ = {isa = PBXFileReference; explicitFileType = wrapper.application; includeInIndex = 0; path = FleaRun.app; sourceTree = BUILT_PRODUCTS_DIR; };
		820A30311D33B08D009E82AF /* main.m */ = {isa = PBXFileReference; lastKnownFileType = sourcecode.c.objc; path = main.m; sourceTree = "<group>"; };
		820A30331D33B08D009E82AF /* AppDelegate.h */ = {isa = PBXFileReference; lastKnownFileType = sourcecode.c.h; path = AppDelegate.h; sourceTree = "<group>"; };
		820A30341D33B08D009E82AF /* AppDelegate.m */ = {isa = PBXFileReference; lastKnownFileType = sourcecode.c.objc; path = AppDelegate.m; sourceTree = "<group>"; };
		820A303C1D33B08D009E82AF /* Assets.xcassets */ = {isa = PBXFileReference; lastKnownFileType = folder.assetcatalog; path = Assets.xcassets; sourceTree = "<group>"; };
		820A303F1D33B08D009E82AF /* Base */ = {isa = PBXFileReference; lastKnownFileType = file.storyboard; name = Base; path = Base.lproj/LaunchScreen.storyboard; sourceTree = "<group>"; };
		820A30411D33B08D009E82AF /* Info.plist */ = {isa = PBXFileReference; lastKnownFileType = text.plist.xml; path = Info.plist; sourceTree = "<group>"; };
		820A305D1D33C931009E82AF /* BaseTabBarController.h */ = {isa = PBXFileReference; fileEncoding = 4; lastKnownFileType = sourcecode.c.h; path = BaseTabBarController.h; sourceTree = "<group>"; };
		820A305E1D33C931009E82AF /* BaseTabBarController.m */ = {isa = PBXFileReference; fileEncoding = 4; lastKnownFileType = sourcecode.c.objc; path = BaseTabBarController.m; sourceTree = "<group>"; };
		820A30601D33C985009E82AF /* BaseNavigationController.h */ = {isa = PBXFileReference; fileEncoding = 4; lastKnownFileType = sourcecode.c.h; path = BaseNavigationController.h; sourceTree = "<group>"; };
		820A30611D33C985009E82AF /* BaseNavigationController.m */ = {isa = PBXFileReference; fileEncoding = 4; lastKnownFileType = sourcecode.c.objc; path = BaseNavigationController.m; sourceTree = "<group>"; };
		820A30631D33CAB6009E82AF /* BaseViewController.h */ = {isa = PBXFileReference; fileEncoding = 4; lastKnownFileType = sourcecode.c.h; path = BaseViewController.h; sourceTree = "<group>"; };
		820A30641D33CAB6009E82AF /* BaseViewController.m */ = {isa = PBXFileReference; fileEncoding = 4; lastKnownFileType = sourcecode.c.objc; path = BaseViewController.m; sourceTree = "<group>"; };
		820A30661D33CAEA009E82AF /* HomeViewController.h */ = {isa = PBXFileReference; fileEncoding = 4; lastKnownFileType = sourcecode.c.h; path = HomeViewController.h; sourceTree = "<group>"; };
		820A30671D33CAEA009E82AF /* HomeViewController.m */ = {isa = PBXFileReference; fileEncoding = 4; lastKnownFileType = sourcecode.c.objc; path = HomeViewController.m; sourceTree = "<group>"; };
		820A30691D33CAF9009E82AF /* NearViewController.h */ = {isa = PBXFileReference; fileEncoding = 4; lastKnownFileType = sourcecode.c.h; path = NearViewController.h; sourceTree = "<group>"; };
		820A306A1D33CAF9009E82AF /* NearViewController.m */ = {isa = PBXFileReference; fileEncoding = 4; lastKnownFileType = sourcecode.c.objc; path = NearViewController.m; sourceTree = "<group>"; };
		820A306C1D33CB08009E82AF /* MessageViewController.h */ = {isa = PBXFileReference; fileEncoding = 4; lastKnownFileType = sourcecode.c.h; path = MessageViewController.h; sourceTree = "<group>"; };
		820A306D1D33CB08009E82AF /* MessageViewController.m */ = {isa = PBXFileReference; fileEncoding = 4; lastKnownFileType = sourcecode.c.objc; path = MessageViewController.m; sourceTree = "<group>"; };
		820A306F1D33CB17009E82AF /* MeViewController.h */ = {isa = PBXFileReference; fileEncoding = 4; lastKnownFileType = sourcecode.c.h; path = MeViewController.h; sourceTree = "<group>"; };
		820A30701D33CB17009E82AF /* MeViewController.m */ = {isa = PBXFileReference; fileEncoding = 4; lastKnownFileType = sourcecode.c.objc; path = MeViewController.m; sourceTree = "<group>"; };
		820A30721D33CD0A009E82AF /* TabBar.h */ = {isa = PBXFileReference; fileEncoding = 4; lastKnownFileType = sourcecode.c.h; path = TabBar.h; sourceTree = "<group>"; };
		820A30731D33CD0A009E82AF /* TabBar.m */ = {isa = PBXFileReference; fileEncoding = 4; lastKnownFileType = sourcecode.c.objc; path = TabBar.m; sourceTree = "<group>"; };
		820A30751D33CD70009E82AF /* FRPrefixHeader.pch */ = {isa = PBXFileReference; lastKnownFileType = sourcecode.c.h; path = FRPrefixHeader.pch; sourceTree = "<group>"; };
		820A30761D33CD8F009E82AF /* Header.h */ = {isa = PBXFileReference; lastKnownFileType = sourcecode.c.h; path = Header.h; sourceTree = "<group>"; };
		820A30771D33CF08009E82AF /* UIViewExt.h */ = {isa = PBXFileReference; fileEncoding = 4; lastKnownFileType = sourcecode.c.h; path = UIViewExt.h; sourceTree = "<group>"; };
		820A30781D33CF08009E82AF /* UIViewExt.m */ = {isa = PBXFileReference; fileEncoding = 4; lastKnownFileType = sourcecode.c.objc; path = UIViewExt.m; sourceTree = "<group>"; };
		833DCA33A2F65019E06BD094 /* Pods-FleaRun.release.xcconfig */ = {isa = PBXFileReference; includeInIndex = 1; lastKnownFileType = text.xcconfig; name = "Pods-FleaRun.release.xcconfig"; path = "Pods/Target Support Files/Pods-FleaRun/Pods-FleaRun.release.xcconfig"; sourceTree = "<group>"; };
/* End PBXFileReference section */

/* Begin PBXFrameworksBuildPhase section */
		820A302A1D33B08D009E82AF /* Frameworks */ = {
			isa = PBXFrameworksBuildPhase;
			buildActionMask = 2147483647;
			files = (
				39170B2AA99DC35D25C79E9E /* libPods-FleaRun.a in Frameworks */,
			);
			runOnlyForDeploymentPostprocessing = 0;
		};
/* End PBXFrameworksBuildPhase section */

/* Begin PBXGroup section */
		59FFF8B2ADCC5E2D12C7C33D /* Pods */ = {
			isa = PBXGroup;
			children = (
				4C858B176C73A83AD92B37C5 /* Pods-FleaRun.debug.xcconfig */,
				833DCA33A2F65019E06BD094 /* Pods-FleaRun.release.xcconfig */,
			);
			name = Pods;
			sourceTree = "<group>";
		};
		725E80762E46333BBCF2FEE1 /* Frameworks */ = {
			isa = PBXGroup;
			children = (
				063CAFF3BDB5C75FA80FCD3D /* libPods-FleaRun.a */,
			);
			name = Frameworks;
			sourceTree = "<group>";
		};
		820A30241D33B08D009E82AF = {
			isa = PBXGroup;
			children = (
				820A302F1D33B08D009E82AF /* FleaRun */,
				820A302E1D33B08D009E82AF /* Products */,
				59FFF8B2ADCC5E2D12C7C33D /* Pods */,
				725E80762E46333BBCF2FEE1 /* Frameworks */,
			);
			sourceTree = "<group>";
		};
		820A302E1D33B08D009E82AF /* Products */ = {
			isa = PBXGroup;
			children = (
				820A302D1D33B08D009E82AF /* FleaRun.app */,
			);
			name = Products;
			sourceTree = "<group>";
		};
		820A302F1D33B08D009E82AF /* FleaRun */ = {
			isa = PBXGroup;
			children = (
				820A30591D33B21F009E82AF /* Category */,
				820A30581D33B216009E82AF /* Base */,
				820A30471D33B1D5009E82AF /* Class */,
				820A30331D33B08D009E82AF /* AppDelegate.h */,
				820A30341D33B08D009E82AF /* AppDelegate.m */,
				820A303C1D33B08D009E82AF /* Assets.xcassets */,
				820A303E1D33B08D009E82AF /* LaunchScreen.storyboard */,
				820A30411D33B08D009E82AF /* Info.plist */,
				820A30761D33CD8F009E82AF /* Header.h */,
				820A30751D33CD70009E82AF /* FRPrefixHeader.pch */,
				820A30301D33B08D009E82AF /* Supporting Files */,
			);
			path = FleaRun;
			sourceTree = "<group>";
		};
		820A30301D33B08D009E82AF /* Supporting Files */ = {
			isa = PBXGroup;
			children = (
				820A30311D33B08D009E82AF /* main.m */,
			);
			name = "Supporting Files";
			sourceTree = "<group>";
		};
		820A30471D33B1D5009E82AF /* Class */ = {
			isa = PBXGroup;
			children = (
				820A30481D33B1D5009E82AF /* Home */,
				820A30541D33B1D5009E82AF /* Near */,
				820A30501D33B1D5009E82AF /* Message */,
				820A304C1D33B1D5009E82AF /* Me */,
			);
			path = Class;
			sourceTree = "<group>";
		};
		820A30481D33B1D5009E82AF /* Home */ = {
			isa = PBXGroup;
			children = (
				820A30491D33B1D5009E82AF /* Controller */,
				820A304A1D33B1D5009E82AF /* Model */,
				820A304B1D33B1D5009E82AF /* View */,
			);
			path = Home;
			sourceTree = "<group>";
		};
		820A30491D33B1D5009E82AF /* Controller */ = {
			isa = PBXGroup;
			children = (
				820A30661D33CAEA009E82AF /* HomeViewController.h */,
				820A30671D33CAEA009E82AF /* HomeViewController.m */,
			);
			path = Controller;
			sourceTree = "<group>";
		};
		820A304A1D33B1D5009E82AF /* Model */ = {
			isa = PBXGroup;
			children = (
			);
			path = Model;
			sourceTree = "<group>";
		};
		820A304B1D33B1D5009E82AF /* View */ = {
			isa = PBXGroup;
			children = (
			);
			path = View;
			sourceTree = "<group>";
		};
		820A304C1D33B1D5009E82AF /* Me */ = {
			isa = PBXGroup;
			children = (
				820A304D1D33B1D5009E82AF /* Controller */,
				820A304E1D33B1D5009E82AF /* Model */,
				820A304F1D33B1D5009E82AF /* View */,
			);
			path = Me;
			sourceTree = "<group>";
		};
		820A304D1D33B1D5009E82AF /* Controller */ = {
			isa = PBXGroup;
			children = (
				820A306F1D33CB17009E82AF /* MeViewController.h */,
				820A30701D33CB17009E82AF /* MeViewController.m */,
			);
			path = Controller;
			sourceTree = "<group>";
		};
		820A304E1D33B1D5009E82AF /* Model */ = {
			isa = PBXGroup;
			children = (
			);
			path = Model;
			sourceTree = "<group>";
		};
		820A304F1D33B1D5009E82AF /* View */ = {
			isa = PBXGroup;
			children = (
			);
			path = View;
			sourceTree = "<group>";
		};
		820A30501D33B1D5009E82AF /* Message */ = {
			isa = PBXGroup;
			children = (
				820A30511D33B1D5009E82AF /* Controller */,
				820A30521D33B1D5009E82AF /* Model */,
				820A30531D33B1D5009E82AF /* View */,
			);
			path = Message;
			sourceTree = "<group>";
		};
		820A30511D33B1D5009E82AF /* Controller */ = {
			isa = PBXGroup;
			children = (
				820A306C1D33CB08009E82AF /* MessageViewController.h */,
				820A306D1D33CB08009E82AF /* MessageViewController.m */,
			);
			path = Controller;
			sourceTree = "<group>";
		};
		820A30521D33B1D5009E82AF /* Model */ = {
			isa = PBXGroup;
			children = (
			);
			path = Model;
			sourceTree = "<group>";
		};
		820A30531D33B1D5009E82AF /* View */ = {
			isa = PBXGroup;
			children = (
			);
			path = View;
			sourceTree = "<group>";
		};
		820A30541D33B1D5009E82AF /* Near */ = {
			isa = PBXGroup;
			children = (
				820A30551D33B1D5009E82AF /* Controller */,
				820A30561D33B1D5009E82AF /* Model */,
				820A30571D33B1D5009E82AF /* View */,
			);
			path = Near;
			sourceTree = "<group>";
		};
		820A30551D33B1D5009E82AF /* Controller */ = {
			isa = PBXGroup;
			children = (
				820A30691D33CAF9009E82AF /* NearViewController.h */,
				820A306A1D33CAF9009E82AF /* NearViewController.m */,
			);
			path = Controller;
			sourceTree = "<group>";
		};
		820A30561D33B1D5009E82AF /* Model */ = {
			isa = PBXGroup;
			children = (
			);
			path = Model;
			sourceTree = "<group>";
		};
		820A30571D33B1D5009E82AF /* View */ = {
			isa = PBXGroup;
			children = (
			);
			path = View;
			sourceTree = "<group>";
		};
		820A30581D33B216009E82AF /* Base */ = {
			isa = PBXGroup;
			children = (
				820A305A1D33C8F8009E82AF /* Controller */,
				820A305B1D33C8F8009E82AF /* Model */,
				820A305C1D33C8F8009E82AF /* View */,
			);
			path = Base;
			sourceTree = "<group>";
		};
		820A30591D33B21F009E82AF /* Category */ = {
			isa = PBXGroup;
			children = (
				820A30771D33CF08009E82AF /* UIViewExt.h */,
				820A30781D33CF08009E82AF /* UIViewExt.m */,
			);
			path = Category;
			sourceTree = "<group>";
		};
		820A305A1D33C8F8009E82AF /* Controller */ = {
			isa = PBXGroup;
			children = (
				820A305D1D33C931009E82AF /* BaseTabBarController.h */,
				820A305E1D33C931009E82AF /* BaseTabBarController.m */,
				820A30601D33C985009E82AF /* BaseNavigationController.h */,
				820A30611D33C985009E82AF /* BaseNavigationController.m */,
				820A30631D33CAB6009E82AF /* BaseViewController.h */,
				820A30641D33CAB6009E82AF /* BaseViewController.m */,
			);
			path = Controller;
			sourceTree = "<group>";
		};
		820A305B1D33C8F8009E82AF /* Model */ = {
			isa = PBXGroup;
			children = (
			);
			path = Model;
			sourceTree = "<group>";
		};
		820A305C1D33C8F8009E82AF /* View */ = {
			isa = PBXGroup;
			children = (
				820A30721D33CD0A009E82AF /* TabBar.h */,
				820A30731D33CD0A009E82AF /* TabBar.m */,
			);
			path = View;
			sourceTree = "<group>";
		};
/* End PBXGroup section */

/* Begin PBXNativeTarget section */
		820A302C1D33B08D009E82AF /* FleaRun */ = {
			isa = PBXNativeTarget;
			buildConfigurationList = 820A30441D33B08D009E82AF /* Build configuration list for PBXNativeTarget "FleaRun" */;
			buildPhases = (
				16302974561B0D080B0ED7E9 /* [CP] Check Pods Manifest.lock */,
				820A30291D33B08D009E82AF /* Sources */,
				820A302A1D33B08D009E82AF /* Frameworks */,
				820A302B1D33B08D009E82AF /* Resources */,
				6C50D6E489A858A565881133 /* [CP] Embed Pods Frameworks */,
				8E8609566BDBF76C39FA88B8 /* [CP] Copy Pods Resources */,
			);
			buildRules = (
			);
			dependencies = (
			);
			name = FleaRun;
			productName = FleaRun;
			productReference = 820A302D1D33B08D009E82AF /* FleaRun.app */;
			productType = "com.apple.product-type.application";
		};
/* End PBXNativeTarget section */

/* Begin PBXProject section */
		820A30251D33B08D009E82AF /* Project object */ = {
			isa = PBXProject;
			attributes = {
				LastUpgradeCheck = 0720;
				ORGANIZATIONNAME = lizhiqiang;
				TargetAttributes = {
					820A302C1D33B08D009E82AF = {
						CreatedOnToolsVersion = 7.2;
					};
				};
			};
			buildConfigurationList = 820A30281D33B08D009E82AF /* Build configuration list for PBXProject "FleaRun" */;
			compatibilityVersion = "Xcode 3.2";
			developmentRegion = English;
			hasScannedForEncodings = 0;
			knownRegions = (
				en,
				Base,
			);
			mainGroup = 820A30241D33B08D009E82AF;
			productRefGroup = 820A302E1D33B08D009E82AF /* Products */;
			projectDirPath = "";
			projectRoot = "";
			targets = (
				820A302C1D33B08D009E82AF /* FleaRun */,
			);
		};
/* End PBXProject section */

/* Begin PBXResourcesBuildPhase section */
		820A302B1D33B08D009E82AF /* Resources */ = {
			isa = PBXResourcesBuildPhase;
			buildActionMask = 2147483647;
			files = (
				820A30401D33B08D009E82AF /* LaunchScreen.storyboard in Resources */,
				820A303D1D33B08D009E82AF /* Assets.xcassets in Resources */,
			);
			runOnlyForDeploymentPostprocessing = 0;
		};
/* End PBXResourcesBuildPhase section */

/* Begin PBXShellScriptBuildPhase section */
		16302974561B0D080B0ED7E9 /* [CP] Check Pods Manifest.lock */ = {
			isa = PBXShellScriptBuildPhase;
			buildActionMask = 2147483647;
			files = (
			);
			inputPaths = (
			);
			name = "[CP] Check Pods Manifest.lock";
			outputPaths = (
			);
			runOnlyForDeploymentPostprocessing = 0;
			shellPath = /bin/sh;
			shellScript = "diff \"${PODS_ROOT}/../Podfile.lock\" \"${PODS_ROOT}/Manifest.lock\" > /dev/null\nif [[ $? != 0 ]] ; then\n    cat << EOM\nerror: The sandbox is not in sync with the Podfile.lock. Run 'pod install' or update your CocoaPods installation.\nEOM\n    exit 1\nfi\n";
			showEnvVarsInLog = 0;
		};
		6C50D6E489A858A565881133 /* [CP] Embed Pods Frameworks */ = {
			isa = PBXShellScriptBuildPhase;
			buildActionMask = 2147483647;
			files = (
			);
			inputPaths = (
			);
			name = "[CP] Embed Pods Frameworks";
			outputPaths = (
			);
			runOnlyForDeploymentPostprocessing = 0;
			shellPath = /bin/sh;
			shellScript = "\"${SRCROOT}/Pods/Target Support Files/Pods-FleaRun/Pods-FleaRun-frameworks.sh\"\n";
			showEnvVarsInLog = 0;
		};
		8E8609566BDBF76C39FA88B8 /* [CP] Copy Pods Resources */ = {
			isa = PBXShellScriptBuildPhase;
			buildActionMask = 2147483647;
			files = (
			);
			inputPaths = (
			);
			name = "[CP] Copy Pods Resources";
			outputPaths = (
			);
			runOnlyForDeploymentPostprocessing = 0;
			shellPath = /bin/sh;
			shellScript = "\"${SRCROOT}/Pods/Target Support Files/Pods-FleaRun/Pods-FleaRun-resources.sh\"\n";
			showEnvVarsInLog = 0;
		};
/* End PBXShellScriptBuildPhase section */

/* Begin PBXSourcesBuildPhase section */
		820A30291D33B08D009E82AF /* Sources */ = {
			isa = PBXSourcesBuildPhase;
			buildActionMask = 2147483647;
			files = (
				820A30711D33CB17009E82AF /* MeViewController.m in Sources */,
				820A306B1D33CAF9009E82AF /* NearViewController.m in Sources */,
				820A30791D33CF08009E82AF /* UIViewExt.m in Sources */,
				820A30621D33C985009E82AF /* BaseNavigationController.m in Sources */,
				820A30651D33CAB6009E82AF /* BaseViewController.m in Sources */,
				820A30351D33B08D009E82AF /* AppDelegate.m in Sources */,
				820A30741D33CD0A009E82AF /* TabBar.m in Sources */,
				820A305F1D33C931009E82AF /* BaseTabBarController.m in Sources */,
				820A30321D33B08D009E82AF /* main.m in Sources */,
				820A306E1D33CB08009E82AF /* MessageViewController.m in Sources */,
				820A30681D33CAEA009E82AF /* HomeViewController.m in Sources */,
			);
			runOnlyForDeploymentPostprocessing = 0;
		};
/* End PBXSourcesBuildPhase section */

/* Begin PBXVariantGroup section */
		820A303E1D33B08D009E82AF /* LaunchScreen.storyboard */ = {
			isa = PBXVariantGroup;
			children = (
				820A303F1D33B08D009E82AF /* Base */,
			);
			name = LaunchScreen.storyboard;
			sourceTree = "<group>";
		};
/* End PBXVariantGroup section */

/* Begin XCBuildConfiguration section */
		820A30421D33B08D009E82AF /* Debug */ = {
			isa = XCBuildConfiguration;
			buildSettings = {
				ALWAYS_SEARCH_USER_PATHS = NO;
				CLANG_CXX_LANGUAGE_STANDARD = "gnu++0x";
				CLANG_CXX_LIBRARY = "libc++";
				CLANG_ENABLE_MODULES = YES;
				CLANG_ENABLE_OBJC_ARC = YES;
				CLANG_WARN_BOOL_CONVERSION = YES;
				CLANG_WARN_CONSTANT_CONVERSION = YES;
				CLANG_WARN_DIRECT_OBJC_ISA_USAGE = YES_ERROR;
				CLANG_WARN_EMPTY_BODY = YES;
				CLANG_WARN_ENUM_CONVERSION = YES;
				CLANG_WARN_INT_CONVERSION = YES;
				CLANG_WARN_OBJC_ROOT_CLASS = YES_ERROR;
				CLANG_WARN_UNREACHABLE_CODE = YES;
				CLANG_WARN__DUPLICATE_METHOD_MATCH = YES;
				"CODE_SIGN_IDENTITY[sdk=iphoneos*]" = "iPhone Developer";
				COPY_PHASE_STRIP = NO;
				DEBUG_INFORMATION_FORMAT = dwarf;
				ENABLE_STRICT_OBJC_MSGSEND = YES;
				ENABLE_TESTABILITY = YES;
				GCC_C_LANGUAGE_STANDARD = gnu99;
				GCC_DYNAMIC_NO_PIC = NO;
				GCC_NO_COMMON_BLOCKS = YES;
				GCC_OPTIMIZATION_LEVEL = 0;
				GCC_PREPROCESSOR_DEFINITIONS = (
					"DEBUG=1",
					"$(inherited)",
				);
				GCC_WARN_64_TO_32_BIT_CONVERSION = YES;
				GCC_WARN_ABOUT_RETURN_TYPE = YES_ERROR;
				GCC_WARN_UNDECLARED_SELECTOR = YES;
				GCC_WARN_UNINITIALIZED_AUTOS = YES_AGGRESSIVE;
				GCC_WARN_UNUSED_FUNCTION = YES;
				GCC_WARN_UNUSED_VARIABLE = YES;
				IPHONEOS_DEPLOYMENT_TARGET = 9.2;
				MTL_ENABLE_DEBUG_INFO = YES;
				ONLY_ACTIVE_ARCH = YES;
				SDKROOT = iphoneos;
				TARGETED_DEVICE_FAMILY = "1,2";
			};
			name = Debug;
		};
		820A30431D33B08D009E82AF /* Release */ = {
			isa = XCBuildConfiguration;
			buildSettings = {
				ALWAYS_SEARCH_USER_PATHS = NO;
				CLANG_CXX_LANGUAGE_STANDARD = "gnu++0x";
				CLANG_CXX_LIBRARY = "libc++";
				CLANG_ENABLE_MODULES = YES;
				CLANG_ENABLE_OBJC_ARC = YES;
				CLANG_WARN_BOOL_CONVERSION = YES;
				CLANG_WARN_CONSTANT_CONVERSION = YES;
				CLANG_WARN_DIRECT_OBJC_ISA_USAGE = YES_ERROR;
				CLANG_WARN_EMPTY_BODY = YES;
				CLANG_WARN_ENUM_CONVERSION = YES;
				CLANG_WARN_INT_CONVERSION = YES;
				CLANG_WARN_OBJC_ROOT_CLASS = YES_ERROR;
				CLANG_WARN_UNREACHABLE_CODE = YES;
				CLANG_WARN__DUPLICATE_METHOD_MATCH = YES;
				"CODE_SIGN_IDENTITY[sdk=iphoneos*]" = "iPhone Developer";
				COPY_PHASE_STRIP = NO;
				DEBUG_INFORMATION_FORMAT = "dwarf-with-dsym";
				ENABLE_NS_ASSERTIONS = NO;
				ENABLE_STRICT_OBJC_MSGSEND = YES;
				GCC_C_LANGUAGE_STANDARD = gnu99;
				GCC_NO_COMMON_BLOCKS = YES;
				GCC_WARN_64_TO_32_BIT_CONVERSION = YES;
				GCC_WARN_ABOUT_RETURN_TYPE = YES_ERROR;
				GCC_WARN_UNDECLARED_SELECTOR = YES;
				GCC_WARN_UNINITIALIZED_AUTOS = YES_AGGRESSIVE;
				GCC_WARN_UNUSED_FUNCTION = YES;
				GCC_WARN_UNUSED_VARIABLE = YES;
				IPHONEOS_DEPLOYMENT_TARGET = 9.2;
				MTL_ENABLE_DEBUG_INFO = NO;
				SDKROOT = iphoneos;
				TARGETED_DEVICE_FAMILY = "1,2";
				VALIDATE_PRODUCT = YES;
			};
			name = Release;
		};
		820A30451D33B08D009E82AF /* Debug */ = {
			isa = XCBuildConfiguration;
			baseConfigurationReference = 4C858B176C73A83AD92B37C5 /* Pods-FleaRun.debug.xcconfig */;
			buildSettings = {
				ASSETCATALOG_COMPILER_APPICON_NAME = AppIcon;
				GCC_PREFIX_HEADER = "$(SRCROOT)/FleaRun/FRPrefixHeader.pch";
				INFOPLIST_FILE = FleaRun/Info.plist;
				IPHONEOS_DEPLOYMENT_TARGET = 9.1;
				LD_RUNPATH_SEARCH_PATHS = "$(inherited) @executable_path/Frameworks";
				PRODUCT_BUNDLE_IDENTIFIER = FleaRun.FleaRun;
				PRODUCT_NAME = "$(TARGET_NAME)";
			};
			name = Debug;
		};
		820A30461D33B08D009E82AF /* Release */ = {
			isa = XCBuildConfiguration;
			baseConfigurationReference = 833DCA33A2F65019E06BD094 /* Pods-FleaRun.release.xcconfig */;
			buildSettings = {
				ASSETCATALOG_COMPILER_APPICON_NAME = AppIcon;
				GCC_PREFIX_HEADER = "$(SRCROOT)/FleaRun/FRPrefixHeader.pch";
				INFOPLIST_FILE = FleaRun/Info.plist;
				IPHONEOS_DEPLOYMENT_TARGET = 9.1;
				LD_RUNPATH_SEARCH_PATHS = "$(inherited) @executable_path/Frameworks";
				PRODUCT_BUNDLE_IDENTIFIER = FleaRun.FleaRun;
				PRODUCT_NAME = "$(TARGET_NAME)";
			};
			name = Release;
		};
/* End XCBuildConfiguration section */

/* Begin XCConfigurationList section */
		820A30281D33B08D009E82AF /* Build configuration list for PBXProject "FleaRun" */ = {
			isa = XCConfigurationList;
			buildConfigurations = (
				820A30421D33B08D009E82AF /* Debug */,
				820A30431D33B08D009E82AF /* Release */,
			);
			defaultConfigurationIsVisible = 0;
			defaultConfigurationName = Release;
		};
		820A30441D33B08D009E82AF /* Build configuration list for PBXNativeTarget "FleaRun" */ = {
			isa = XCConfigurationList;
			buildConfigurations = (
				820A30451D33B08D009E82AF /* Debug */,
				820A30461D33B08D009E82AF /* Release */,
			);
			defaultConfigurationIsVisible = 0;
			defaultConfigurationName = Release;
		};
/* End XCConfigurationList section */
	};
	rootObject = 820A30251D33B08D009E82AF /* Project object */;
}
